
Microsoft Visual Studio Solution File, Format Version 12.00
# Visual Studio 15
VisualStudioVersion = 15.0.28307.271
MinimumVisualStudioVersion = 10.0.40219.1
Project("{FAE04EC0-301F-11D3-BF4B-00C04F79EFBC}") = "WS.Service", "WS.Service\WS.Service.csproj", "{AA98F2DD-78F8-4DDB-AE28-6A5550FFE26E}"
EndProject
Project("{FAE04EC0-301F-11D3-BF4B-00C04F79EFBC}") = "WS.Client", "WS.Client\WS.Client.csproj", "{DFFE76B7-1BED-49D9-80FA-5F39B8041A70}"
EndProject
Project("{FAE04EC0-301F-11D3-BF4B-00C04F79EFBC}") = "WS.Common", "WS.Common\WS.Common.csproj", "{57660F02-BF10-4334-9AC7-944B08982094}"
EndProject
Global
	GlobalSection(SolutionConfigurationPlatforms) = preSolution
		Debug|Any CPU = Debug|Any CPU
		Release|Any CPU = Release|Any CPU
	EndGlobalSection
	GlobalSection(ProjectConfigurationPlatforms) = postSolution
		{AA98F2DD-78F8-4DDB-AE28-6A5550FFE26E}.Debug|Any CPU.ActiveCfg = Debug|Any CPU
		{AA98F2DD-78F8-4DDB-AE28-6A5550FFE26E}.Debug|Any CPU.Build.0 = Debug|Any CPU
		{AA98F2DD-78F8-4DDB-AE28-6A5550FFE26E}.Release|Any CPU.ActiveCfg = Release|Any CPU
		{AA98F2DD-78F8-4DDB-AE28-6A5550FFE26E}.Release|Any CPU.Build.0 = Release|Any CPU
		{DFFE76B7-1BED-49D9-80FA-5F39B8041A70}.Debug|Any CPU.ActiveCfg = Debug|Any CPU
		{DFFE76B7-1BED-49D9-80FA-5F39B8041A70}.Debug|Any CPU.Build.0 = Debug|Any CPU
		{DFFE76B7-1BED-49D9-80FA-5F39B8041A70}.Release|Any CPU.ActiveCfg = Release|Any CPU
		{DFFE76B7-1BED-49D9-80FA-5F39B8041A70}.Release|Any CPU.Build.0 = Release|Any CPU
		{57660F02-BF10-4334-9AC7-944B08982094}.Debug|Any CPU.ActiveCfg = Debug|Any CPU
		{57660F02-BF10-4334-9AC7-944B08982094}.Debug|Any CPU.Build.0 = Debug|Any CPU
		{57660F02-BF10-4334-9AC7-944B08982094}.Release|Any CPU.ActiveCfg = Release|Any CPU
		{57660F02-BF10-4334-9AC7-944B08982094}.Release|Any CPU.Build.0 = Release|Any CPU
	EndGlobalSection
	GlobalSection(SolutionProperties) = preSolution
		HideSolutionNode = FALSE
	EndGlobalSection
	GlobalSection(ExtensibilityGlobals) = postSolution
		SolutionGuid = {3D000F13-BE51-4EC5-A910-33FA63B54765}
	EndGlobalSection
EndGlobal
